<?xml version="1.0" encoding="utf-8"?>
<Project ToolsVersion="4.0" xmlns="http://schemas.microsoft.com/developer/msbuild/2003">
  <ItemGroup>
    <Filter Include="Source Files">
      <UniqueIdentifier>{4FC737F1-C7A5-4376-A066-2A32D752A2FF}</UniqueIdentifier>
      <Extensions>cpp;c;cc;cxx;c++;cppm;ixx;def;odl;idl;hpj;bat;asm;asmx</Extensions>
    </Filter>
    <Filter Include="Header Files">
      <UniqueIdentifier>{93995380-89BD-4b04-88EB-625FBE52EBFB}</UniqueIdentifier>
      <Extensions>h;hh;hpp;hxx;h++;hm;inl;inc;ipp;xsd</Extensions>
    </Filter>
    <Filter Include="Resource Files">
      <UniqueIdentifier>{67DA6AB6-F800-4c08-8B7A-83BB121AAD01}</UniqueIdentifier>
      <Extensions>rc;ico;cur;bmp;dlg;rc2;rct;bin;rgs;gif;jpg;jpeg;jpe;resx;tiff;tif;png;wav;mfcribbon-ms</Extensions>
    </Filter>
    <Filter Include="Source Files\src">
      <UniqueIdentifier>{61a3a2fa-19fe-4910-a286-654f740431ea}</UniqueIdentifier>
    </Filter>
  </ItemGroup>
  <ItemGroup>
    <ClInclude Include="include\GLGameEngine.h">
      <Filter>Header Files</Filter>
    </ClInclude>
    <ClInclude Include="include\Shader.h">
      <Filter>Header Files</Filter>
    </ClInclude>
    <ClInclude Include="include\stb_image.h">
      <Filter>Header Files</Filter>
    </ClInclude>
    <ClInclude Include="include\Actors\ACamera.h">
      <Filter>Header Files</Filter>
    </ClInclude>
    <ClInclude Include="include\Actors\AActor.h">
      <Filter>Header Files</Filter>
    </ClInclude>
    <ClInclude Include="include\helpers\LoadUtility.h">
      <Filter>Header Files</Filter>
    </ClInclude>
  </ItemGroup>
  <ItemGroup>
    <ClCompile Include="src\GLGameEngine.cpp">
      <Filter>Source Files</Filter>
    </ClCompile>
    <ClCompile Include="src\glad.c">
      <Filter>Source Files</Filter>
    </ClCompile>
    <ClCompile Include="src\helpers\Shader.cpp">
      <Filter>Source Files</Filter>
    </ClCompile>
    <ClCompile Include="src\Actors\ACamera.cpp">
      <Filter>Source Files</Filter>
    </ClCompile>
    <ClCompile Include="src\Actors\AActor.cpp">
      <Filter>Source Files</Filter>
    </ClCompile>
    <ClCompile Include="src\helpers\LoadUtility.cpp">
      <Filter>Source Files</Filter>
    </ClCompile>
  </ItemGroup>
  <ItemGroup>
    <None Include="src\shaders\tests\color-wheel.vert" />
    <None Include="src\shaders\tests\color-wheel.frag" />
    <None Include="src\shaders\tests\vertically-invert.vert" />
    <None Include="src\shaders\tests\xAxisUniformOffset.vert" />
    <None Include="src\shaders\tests\simple-texture.vert" />
    <None Include="src\shaders\tests\simple-texture.frag" />
    <None Include="src\shaders\tests\mix-texture.frag" />
    <None Include="src\shaders\tests\mix-texture-transform.vert" />
    <None Include="src\shaders\tests\mix-texture-mvp.vert" />
    <None Include="src\shaders\tests\lit-texture.frag" />
    <None Include="src\shaders\tests\lit-texture.vert" />
    <None Include="src\shaders\tests\simple-lit.frag" />
    <None Include="src\shaders\tests\simple-lit.vert" />
    <None Include="src\shaders\tests\unlit.frag" />
    <None Include="src\shaders\tests\unlit.vert" />
    <None Include="src\shaders\tests\simple-gourand-shader.vert" />
    <None Include="src\shaders\tests\simple-gourand-shader.frag" />
    <None Include="src\shaders\tests\lit-diffTex.vert" />
    <None Include="src\shaders\tests\lit-diffTex.frag" />
  </ItemGroup>
  <ItemGroup>
    <Image Include="assets\textures\container.jpg">
      <Filter>Resource Files</Filter>
    </Image>
    <Image Include="assets\textures\awesomeface.png">
      <Filter>Resource Files</Filter>
    </Image>
    <Image Include="assets\textures\container2.png">
      <Filter>Resource Files</Filter>
    </Image>
    <Image Include="assets\textures\container2_specular.png">
      <Filter>Resource Files</Filter>
    </Image>
  </ItemGroup>
</Project>